
Microsoft Visual Studio Solution File, Format Version 12.00
# Visual Studio 2013
VisualStudioVersion = 12.0.31101.0
MinimumVisualStudioVersion = 10.0.40219.1
Project("{FAE04EC0-301F-11D3-BF4B-00C04F79EFBC}") = "CurrencyConverter", "CurrencyConverter\CurrencyConverter.csproj", "{95FAEAFF-BF79-404B-B030-7A7DA72B9636}"
EndProject
Global
	GlobalSection(SolutionConfigurationPlatforms) = preSolution
		Debug|Any CPU = Debug|Any CPU
		Release|Any CPU = Release|Any CPU
	EndGlobalSection
	GlobalSection(ProjectConfigurationPlatforms) = postSolution
		{95FAEAFF-BF79-404B-B030-7A7DA72B9636}.Debug|Any CPU.ActiveCfg = Debug|Any CPU
		{95FAEAFF-BF79-404B-B030-7A7DA72B9636}.Debug|Any CPU.Build.0 = Debug|Any CPU
		{95FAEAFF-BF79-404B-B030-7A7DA72B9636}.Release|Any CPU.ActiveCfg = Release|Any CPU
		{95FAEAFF-BF79-404B-B030-7A7DA72B9636}.Release|Any CPU.Build.0 = Release|Any CPU
	EndGlobalSection
	GlobalSection(SolutionProperties) = preSolution
		HideSolutionNode = FALSE
	EndGlobalSection
EndGlobal
