
Microsoft Visual Studio Solution File, Format Version 12.00
# Visual Studio 2013
VisualStudioVersion = 12.0.31101.0
MinimumVisualStudioVersion = 10.0.40219.1
Project("{FAE04EC0-301F-11D3-BF4B-00C04F79EFBC}") = "CurrencyConverter", "CurrencyConverter\CurrencyConverter.csproj", "{95FAEAFF-BF79-404B-B030-7A7DA72B9636}"
EndProject
Project("{FAE04EC0-301F-11D3-BF4B-00C04F79EFBC}") = "CurrencyConverterTests", "CurrencyConverterTests\CurrencyConverterTests.csproj", "{9EAE5541-0264-49C3-9351-530975C93DB5}"
EndProject
Project("{2150E333-8FDC-42A3-9474-1A3956D46DE8}") = "Solution Items", "Solution Items", "{A5AEA5F6-35FF-412B-9991-7B0B8AFD8937}"
	ProjectSection(SolutionItems) = preProject
		CurrencyRates.xml = CurrencyRates.xml
		XMLFile1.xml = XMLFile1.xml
	EndProjectSection
EndProject
Global
	GlobalSection(SolutionConfigurationPlatforms) = preSolution
		Debug|Any CPU = Debug|Any CPU
		Release|Any CPU = Release|Any CPU
	EndGlobalSection
	GlobalSection(ProjectConfigurationPlatforms) = postSolution
		{95FAEAFF-BF79-404B-B030-7A7DA72B9636}.Debug|Any CPU.ActiveCfg = Debug|Any CPU
		{95FAEAFF-BF79-404B-B030-7A7DA72B9636}.Debug|Any CPU.Build.0 = Debug|Any CPU
		{95FAEAFF-BF79-404B-B030-7A7DA72B9636}.Release|Any CPU.ActiveCfg = Release|Any CPU
		{95FAEAFF-BF79-404B-B030-7A7DA72B9636}.Release|Any CPU.Build.0 = Release|Any CPU
		{9EAE5541-0264-49C3-9351-530975C93DB5}.Debug|Any CPU.ActiveCfg = Debug|Any CPU
		{9EAE5541-0264-49C3-9351-530975C93DB5}.Debug|Any CPU.Build.0 = Debug|Any CPU
		{9EAE5541-0264-49C3-9351-530975C93DB5}.Release|Any CPU.ActiveCfg = Release|Any CPU
		{9EAE5541-0264-49C3-9351-530975C93DB5}.Release|Any CPU.Build.0 = Release|Any CPU
	EndGlobalSection
	GlobalSection(SolutionProperties) = preSolution
		HideSolutionNode = FALSE
	EndGlobalSection
EndGlobal
